
Microsoft Visual Studio Solution File, Format Version 12.00
Project("{FAE04EC0-301F-11D3-BF4B-00C04F79EFBC}") = "BlazorServerApp3", "BlazorServerApp3\BlazorServerApp3.csproj", "{C1CB7B33-C80A-4E06-9AF5-743286A134DA}"
EndProject
Global
	GlobalSection(SolutionConfigurationPlatforms) = preSolution
		Debug|Any CPU = Debug|Any CPU
		Release|Any CPU = Release|Any CPU
	EndGlobalSection
	GlobalSection(ProjectConfigurationPlatforms) = postSolution
		{C1CB7B33-C80A-4E06-9AF5-743286A134DA}.Debug|Any CPU.ActiveCfg = Debug|Any CPU
		{C1CB7B33-C80A-4E06-9AF5-743286A134DA}.Debug|Any CPU.Build.0 = Debug|Any CPU
		{C1CB7B33-C80A-4E06-9AF5-743286A134DA}.Release|Any CPU.ActiveCfg = Release|Any CPU
		{C1CB7B33-C80A-4E06-9AF5-743286A134DA}.Release|Any CPU.Build.0 = Release|Any CPU
	EndGlobalSection
EndGlobal
